
Microsoft Visual Studio Solution File, Format Version 12.00
# Visual Studio Version 16
VisualStudioVersion = 16.0.29509.3
MinimumVisualStudioVersion = 10.0.40219.1
Project("{FAE04EC0-301F-11D3-BF4B-00C04F79EFBC}") = "SoundAndKeyLoggerWinForm", "SoundAndKeyLoggerWinForm\SoundAndKeyLoggerWinForm.csproj", "{7352079F-6056-43C0-ACDC-AD416F0B1BCC}"
EndProject
Global
	GlobalSection(SolutionConfigurationPlatforms) = preSolution
		Debug|Any CPU = Debug|Any CPU
		Release|Any CPU = Release|Any CPU
	EndGlobalSection
	GlobalSection(ProjectConfigurationPlatforms) = postSolution
		{7352079F-6056-43C0-ACDC-AD416F0B1BCC}.Debug|Any CPU.ActiveCfg = Debug|Any CPU
		{7352079F-6056-43C0-ACDC-AD416F0B1BCC}.Debug|Any CPU.Build.0 = Debug|Any CPU
		{7352079F-6056-43C0-ACDC-AD416F0B1BCC}.Release|Any CPU.ActiveCfg = Release|Any CPU
		{7352079F-6056-43C0-ACDC-AD416F0B1BCC}.Release|Any CPU.Build.0 = Release|Any CPU
	EndGlobalSection
	GlobalSection(SolutionProperties) = preSolution
		HideSolutionNode = FALSE
	EndGlobalSection
	GlobalSection(ExtensibilityGlobals) = postSolution
		SolutionGuid = {13E880D4-FF88-40E1-BC85-D39BF019F28F}
	EndGlobalSection
EndGlobal
